{
  "version": 4,
  "terraform_version": "1.14.3",
  "serial": 207,
  "lineage": "f90bbd7f-63b3-96cc-faf7-761428cd7180",
  "outputs": {
    "api_url": {
      "value": "https://alerting-api-ze5l7dfd3q-lm.a.run.app",
      "type": "string"
    },
    "pubsub_topic": {
      "value": "alerting",
      "type": "string"
    },
    "ui_url": {
      "value": "https://alerting-ui-ze5l7dfd3q-lm.a.run.app",
      "type": "string"
    }
  },
  "resources": [
    {
      "mode": "managed",
      "type": "google_cloud_run_service",
      "name": "api",
      "provider": "provider[\"registry.terraform.io/hashicorp/google\"]",
      "instances": [
        {
          "schema_version": 2,
          "attributes": {
            "autogenerate_revision_name": false,
            "id": "locations/europe-central2/namespaces/irio-alerting/services/alerting-api",
            "location": "europe-central2",
            "metadata": [
              {
                "annotations": {},
                "effective_annotations": {
                  "run.googleapis.com/ingress": "all",
                  "run.googleapis.com/ingress-status": "all",
                  "run.googleapis.com/maxScale": "12",
                  "run.googleapis.com/operation-id": "b8ca37f1-8afd-4b1a-bacb-6fd9a2362245",
                  "run.googleapis.com/urls": "[\"https://alerting-api-804981314451.europe-central2.run.app\",\"https://alerting-api-ze5l7dfd3q-lm.a.run.app\"]",
                  "serving.knative.dev/creator": "j.dabrowsk11@student.uw.edu.pl",
                  "serving.knative.dev/lastModifier": "j.dabrowsk11@student.uw.edu.pl"
                },
                "effective_labels": {
                  "cloud.googleapis.com/location": "europe-central2"
                },
                "generation": 1,
                "labels": {},
                "namespace": "irio-alerting",
                "resource_version": "AAZJrXcH8oc",
                "self_link": "/apis/serving.knative.dev/v1/namespaces/804981314451/services/alerting-api",
                "terraform_labels": {},
                "uid": "470fc00d-f5f6-4d3c-9dcc-e82ed2154a11"
              }
            ],
            "name": "alerting-api",
            "project": "irio-alerting",
            "status": [
              {
                "conditions": [
                  {
                    "message": "",
                    "reason": "",
                    "status": "True",
                    "type": "Ready"
                  },
                  {
                    "message": "",
                    "reason": "",
                    "status": "True",
                    "type": "ConfigurationsReady"
                  },
                  {
                    "message": "",
                    "reason": "",
                    "status": "True",
                    "type": "RoutesReady"
                  }
                ],
                "latest_created_revision_name": "alerting-api-00001-q6q",
                "latest_ready_revision_name": "alerting-api-00001-q6q",
                "observed_generation": 1,
                "traffic": [
                  {
                    "latest_revision": true,
                    "percent": 100,
                    "revision_name": "alerting-api-00001-q6q",
                    "tag": "",
                    "url": ""
                  }
                ],
                "url": "https://alerting-api-ze5l7dfd3q-lm.a.run.app"
              }
            ],
            "template": [
              {
                "metadata": [
                  {
                    "annotations": {},
                    "generation": 0,
                    "labels": {
                      "run.googleapis.com/startupProbeType": "Default"
                    },
                    "name": "",
                    "namespace": "",
                    "resource_version": "",
                    "self_link": "",
                    "uid": ""
                  }
                ],
                "spec": [
                  {
                    "container_concurrency": 80,
                    "containers": [
                      {
                        "args": [],
                        "command": [],
                        "env": [
                          {
                            "name": "DB_HOST",
                            "value": "",
                            "value_from": [
                              {
                                "secret_key_ref": [
                                  {
                                    "key": "db_host",
                                    "name": "projects/irio-alerting/secrets/db_host"
                                  }
                                ]
                              }
                            ]
                          },
                          {
                            "name": "DB_NAME",
                            "value": "",
                            "value_from": [
                              {
                                "secret_key_ref": [
                                  {
                                    "key": "db_name",
                                    "name": "projects/irio-alerting/secrets/db_name"
                                  }
                                ]
                              }
                            ]
                          },
                          {
                            "name": "DB_PASSWORD",
                            "value": "",
                            "value_from": [
                              {
                                "secret_key_ref": [
                                  {
                                    "key": "db_password",
                                    "name": "projects/irio-alerting/secrets/db_password"
                                  }
                                ]
                              }
                            ]
                          },
                          {
                            "name": "DB_USER",
                            "value": "",
                            "value_from": [
                              {
                                "secret_key_ref": [
                                  {
                                    "key": "db_user",
                                    "name": "projects/irio-alerting/secrets/db_user"
                                  }
                                ]
                              }
                            ]
                          }
                        ],
                        "env_from": [],
                        "image": "europe-central2-docker.pkg.dev/irio-alerting/irio-alerting-dockers/api:v1.0.0",
                        "liveness_probe": [],
                        "name": "",
                        "ports": [
                          {
                            "container_port": 8080,
                            "name": "http1",
                            "protocol": ""
                          }
                        ],
                        "resources": [
                          {
                            "limits": {
                              "cpu": "1000m",
                              "memory": "512Mi"
                            },
                            "requests": {}
                          }
                        ],
                        "startup_probe": [
                          {
                            "failure_threshold": 1,
                            "grpc": [],
                            "http_get": [],
                            "initial_delay_seconds": 0,
                            "period_seconds": 240,
                            "tcp_socket": [
                              {
                                "port": 8080
                              }
                            ],
                            "timeout_seconds": 240
                          }
                        ],
                        "volume_mounts": [],
                        "working_dir": ""
                      }
                    ],
                    "service_account_name": "804981314451-compute@developer.gserviceaccount.com",
                    "serving_state": "",
                    "timeout_seconds": 300,
                    "volumes": []
                  }
                ]
              }
            ],
            "timeouts": null,
            "traffic": [
              {
                "latest_revision": true,
                "percent": 100,
                "revision_name": "",
                "tag": "",
                "url": ""
              }
            ]
          },
          "sensitive_attributes": [],
          "identity_schema_version": 0,
          "private": "eyJlMmJmYjczMC1lY2FhLTExZTYtOGY4OC0zNDM2M2JjN2M0YzAiOnsiY3JlYXRlIjoxMjAwMDAwMDAwMDAwLCJkZWxldGUiOjEyMDAwMDAwMDAwMDAsInVwZGF0ZSI6MTIwMDAwMDAwMDAwMH0sInNjaGVtYV92ZXJzaW9uIjoiMiJ9",
          "dependencies": [
            "google_secret_manager_secret.db_host",
            "google_secret_manager_secret.db_name",
            "google_secret_manager_secret.db_password",
            "google_secret_manager_secret.db_user"
          ]
        }
      ]
    },
    {
      "mode": "managed",
      "type": "google_cloud_run_service",
      "name": "notification",
      "provider": "provider[\"registry.terraform.io/hashicorp/google\"]",
      "instances": [
        {
          "schema_version": 2,
          "attributes": {
            "autogenerate_revision_name": false,
            "id": "locations/europe-central2/namespaces/irio-alerting/services/alerting-notification",
            "location": "europe-central2",
            "metadata": [
              {
                "annotations": {},
                "effective_annotations": {
                  "run.googleapis.com/ingress": "all",
                  "run.googleapis.com/ingress-status": "all",
                  "run.googleapis.com/maxScale": "12",
                  "run.googleapis.com/operation-id": "04171d73-c351-4e74-80e2-dc578c0f0ad9",
                  "run.googleapis.com/urls": "[\"https://alerting-notification-804981314451.europe-central2.run.app\",\"https://alerting-notification-ze5l7dfd3q-lm.a.run.app\"]",
                  "serving.knative.dev/creator": "j.dabrowsk11@student.uw.edu.pl",
                  "serving.knative.dev/lastModifier": "j.dabrowsk11@student.uw.edu.pl"
                },
                "effective_labels": {
                  "cloud.googleapis.com/location": "europe-central2"
                },
                "generation": 1,
                "labels": {},
                "namespace": "irio-alerting",
                "resource_version": "AAZJrXfRMvg",
                "self_link": "/apis/serving.knative.dev/v1/namespaces/804981314451/services/alerting-notification",
                "terraform_labels": {},
                "uid": "f307c4ed-cc5d-4b4e-8020-ab95b90fc90f"
              }
            ],
            "name": "alerting-notification",
            "project": "irio-alerting",
            "status": [
              {
                "conditions": [
                  {
                    "message": "",
                    "reason": "",
                    "status": "True",
                    "type": "Ready"
                  },
                  {
                    "message": "",
                    "reason": "",
                    "status": "True",
                    "type": "ConfigurationsReady"
                  },
                  {
                    "message": "",
                    "reason": "",
                    "status": "True",
                    "type": "RoutesReady"
                  }
                ],
                "latest_created_revision_name": "alerting-notification-00001-p2k",
                "latest_ready_revision_name": "alerting-notification-00001-p2k",
                "observed_generation": 1,
                "traffic": [
                  {
                    "latest_revision": true,
                    "percent": 100,
                    "revision_name": "alerting-notification-00001-p2k",
                    "tag": "",
                    "url": ""
                  }
                ],
                "url": "https://alerting-notification-ze5l7dfd3q-lm.a.run.app"
              }
            ],
            "template": [
              {
                "metadata": [
                  {
                    "annotations": {},
                    "generation": 0,
                    "labels": {
                      "run.googleapis.com/startupProbeType": "Default"
                    },
                    "name": "",
                    "namespace": "",
                    "resource_version": "",
                    "self_link": "",
                    "uid": ""
                  }
                ],
                "spec": [
                  {
                    "container_concurrency": 80,
                    "containers": [
                      {
                        "args": [],
                        "command": [],
                        "env": [
                          {
                            "name": "API_BASE_URL",
                            "value": "https://alerting-api-ze5l7dfd3q-lm.a.run.app",
                            "value_from": []
                          },
                          {
                            "name": "PUBSUB_TOPIC",
                            "value": "projects/irio-alerting/topics/alerting",
                            "value_from": []
                          }
                        ],
                        "env_from": [],
                        "image": "europe-central2-docker.pkg.dev/irio-alerting/irio-alerting-dockers/notification:v1.0.0",
                        "liveness_probe": [],
                        "name": "",
                        "ports": [
                          {
                            "container_port": 8080,
                            "name": "http1",
                            "protocol": ""
                          }
                        ],
                        "resources": [
                          {
                            "limits": {
                              "cpu": "1000m",
                              "memory": "512Mi"
                            },
                            "requests": {}
                          }
                        ],
                        "startup_probe": [
                          {
                            "failure_threshold": 1,
                            "grpc": [],
                            "http_get": [],
                            "initial_delay_seconds": 0,
                            "period_seconds": 240,
                            "tcp_socket": [
                              {
                                "port": 8080
                              }
                            ],
                            "timeout_seconds": 240
                          }
                        ],
                        "volume_mounts": [],
                        "working_dir": ""
                      }
                    ],
                    "service_account_name": "804981314451-compute@developer.gserviceaccount.com",
                    "serving_state": "",
                    "timeout_seconds": 300,
                    "volumes": []
                  }
                ]
              }
            ],
            "timeouts": null,
            "traffic": [
              {
                "latest_revision": true,
                "percent": 100,
                "revision_name": "",
                "tag": "",
                "url": ""
              }
            ]
          },
          "sensitive_attributes": [],
          "identity_schema_version": 0,
          "private": "eyJlMmJmYjczMC1lY2FhLTExZTYtOGY4OC0zNDM2M2JjN2M0YzAiOnsiY3JlYXRlIjoxMjAwMDAwMDAwMDAwLCJkZWxldGUiOjEyMDAwMDAwMDAwMDAsInVwZGF0ZSI6MTIwMDAwMDAwMDAwMH0sInNjaGVtYV92ZXJzaW9uIjoiMiJ9",
          "dependencies": [
            "google_cloud_run_service.api",
            "google_pubsub_topic.alerting",
            "google_secret_manager_secret.db_host",
            "google_secret_manager_secret.db_name",
            "google_secret_manager_secret.db_password",
            "google_secret_manager_secret.db_user",
            "google_secret_manager_secret.jwt_secret",
            "google_secret_manager_secret.smtp_from",
            "google_secret_manager_secret.smtp_host",
            "google_secret_manager_secret.smtp_password",
            "google_secret_manager_secret.smtp_port",
            "google_secret_manager_secret.smtp_username"
          ]
        }
      ]
    },
    {
      "mode": "managed",
      "type": "google_cloud_run_service",
      "name": "ui",
      "provider": "provider[\"registry.terraform.io/hashicorp/google\"]",
      "instances": [
        {
          "schema_version": 2,
          "attributes": {
            "autogenerate_revision_name": false,
            "id": "locations/europe-central2/namespaces/irio-alerting/services/alerting-ui",
            "location": "europe-central2",
            "metadata": [
              {
                "annotations": {},
                "effective_annotations": {
                  "run.googleapis.com/ingress": "all",
                  "run.googleapis.com/ingress-status": "all",
                  "run.googleapis.com/maxScale": "12",
                  "run.googleapis.com/operation-id": "aaea833c-68b3-46ed-af0f-c1b6041a4812",
                  "run.googleapis.com/urls": "[\"https://alerting-ui-804981314451.europe-central2.run.app\",\"https://alerting-ui-ze5l7dfd3q-lm.a.run.app\"]",
                  "serving.knative.dev/creator": "j.dabrowsk11@student.uw.edu.pl",
                  "serving.knative.dev/lastModifier": "j.dabrowsk11@student.uw.edu.pl"
                },
                "effective_labels": {
                  "cloud.googleapis.com/location": "europe-central2"
                },
                "generation": 1,
                "labels": {},
                "namespace": "irio-alerting",
                "resource_version": "AAZJrXfVFLQ",
                "self_link": "/apis/serving.knative.dev/v1/namespaces/804981314451/services/alerting-ui",
                "terraform_labels": {},
                "uid": "c915863a-7603-4375-b287-0b89cb9c3825"
              }
            ],
            "name": "alerting-ui",
            "project": "irio-alerting",
            "status": [
              {
                "conditions": [
                  {
                    "message": "",
                    "reason": "",
                    "status": "True",
                    "type": "Ready"
                  },
                  {
                    "message": "",
                    "reason": "",
                    "status": "True",
                    "type": "ConfigurationsReady"
                  },
                  {
                    "message": "",
                    "reason": "",
                    "status": "True",
                    "type": "RoutesReady"
                  }
                ],
                "latest_created_revision_name": "alerting-ui-00001-cpc",
                "latest_ready_revision_name": "alerting-ui-00001-cpc",
                "observed_generation": 1,
                "traffic": [
                  {
                    "latest_revision": true,
                    "percent": 100,
                    "revision_name": "alerting-ui-00001-cpc",
                    "tag": "",
                    "url": ""
                  }
                ],
                "url": "https://alerting-ui-ze5l7dfd3q-lm.a.run.app"
              }
            ],
            "template": [
              {
                "metadata": [
                  {
                    "annotations": {},
                    "generation": 0,
                    "labels": {
                      "run.googleapis.com/startupProbeType": "Default"
                    },
                    "name": "",
                    "namespace": "",
                    "resource_version": "",
                    "self_link": "",
                    "uid": ""
                  }
                ],
                "spec": [
                  {
                    "container_concurrency": 80,
                    "containers": [
                      {
                        "args": [],
                        "command": [],
                        "env": [
                          {
                            "name": "API_BASE_URL",
                            "value": "https://alerting-api-ze5l7dfd3q-lm.a.run.app",
                            "value_from": []
                          }
                        ],
                        "env_from": [],
                        "image": "europe-central2-docker.pkg.dev/irio-alerting/irio-alerting-dockers/ui:v1.0.0",
                        "liveness_probe": [],
                        "name": "",
                        "ports": [
                          {
                            "container_port": 8080,
                            "name": "http1",
                            "protocol": ""
                          }
                        ],
                        "resources": [
                          {
                            "limits": {
                              "cpu": "1000m",
                              "memory": "512Mi"
                            },
                            "requests": {}
                          }
                        ],
                        "startup_probe": [
                          {
                            "failure_threshold": 1,
                            "grpc": [],
                            "http_get": [],
                            "initial_delay_seconds": 0,
                            "period_seconds": 240,
                            "tcp_socket": [
                              {
                                "port": 8080
                              }
                            ],
                            "timeout_seconds": 240
                          }
                        ],
                        "volume_mounts": [],
                        "working_dir": ""
                      }
                    ],
                    "service_account_name": "804981314451-compute@developer.gserviceaccount.com",
                    "serving_state": "",
                    "timeout_seconds": 300,
                    "volumes": []
                  }
                ]
              }
            ],
            "timeouts": null,
            "traffic": [
              {
                "latest_revision": true,
                "percent": 100,
                "revision_name": "",
                "tag": "",
                "url": ""
              }
            ]
          },
          "sensitive_attributes": [],
          "identity_schema_version": 0,
          "private": "eyJlMmJmYjczMC1lY2FhLTExZTYtOGY4OC0zNDM2M2JjN2M0YzAiOnsiY3JlYXRlIjoxMjAwMDAwMDAwMDAwLCJkZWxldGUiOjEyMDAwMDAwMDAwMDAsInVwZGF0ZSI6MTIwMDAwMDAwMDAwMH0sInNjaGVtYV92ZXJzaW9uIjoiMiJ9",
          "dependencies": [
            "google_cloud_run_service.api",
            "google_secret_manager_secret.db_host",
            "google_secret_manager_secret.db_name",
            "google_secret_manager_secret.db_password",
            "google_secret_manager_secret.db_user"
          ]
        }
      ]
    },
    {
      "mode": "managed",
      "type": "google_cloud_run_service_iam_member",
      "name": "ui_public",
      "provider": "provider[\"registry.terraform.io/hashicorp/google\"]",
      "instances": [
        {
          "schema_version": 0,
          "attributes": {
            "condition": [],
            "etag": "BwZJrs8CcdI=",
            "id": "v1/projects/irio-alerting/locations/europe-central2/services/alerting-ui/roles/run.invoker/allUsers",
            "location": "europe-central2",
            "member": "allUsers",
            "project": "irio-alerting",
            "role": "roles/run.invoker",
            "service": "v1/projects/irio-alerting/locations/europe-central2/services/alerting-ui"
          },
          "sensitive_attributes": [],
          "identity_schema_version": 0,
          "private": "bnVsbA==",
          "dependencies": [
            "google_cloud_run_service.api",
            "google_cloud_run_service.ui",
            "google_secret_manager_secret.db_host",
            "google_secret_manager_secret.db_name",
            "google_secret_manager_secret.db_password",
            "google_secret_manager_secret.db_user"
          ]
        }
      ]
    },
    {
      "mode": "managed",
      "type": "google_cloud_run_v2_job",
      "name": "monitoring",
      "provider": "provider[\"registry.terraform.io/hashicorp/google\"]",
      "instances": [
        {
          "schema_version": 0,
          "attributes": {
            "annotations": {},
            "binary_authorization": [],
            "client": "",
            "client_version": "",
            "conditions": [],
            "create_time": "2026-01-31T12:48:17.110801Z",
            "creator": "j.dabrowsk11@student.uw.edu.pl",
            "delete_time": "",
            "effective_annotations": {},
            "effective_labels": {},
            "etag": "\"CJH098sGEOjg6jQ/cHJvamVjdHMvaXJpby1hbGVydGluZy9sb2NhdGlvbnMvZXVyb3BlLWNlbnRyYWwyL2pvYnMvYWxlcnRpbmctbW9uaXRvcmluZw\"",
            "execution_count": 0,
            "expire_time": "",
            "generation": "1",
            "id": "projects/irio-alerting/locations/europe-central2/jobs/alerting-monitoring",
            "labels": {},
            "last_modifier": "j.dabrowsk11@student.uw.edu.pl",
            "latest_created_execution": [],
            "launch_stage": "GA",
            "location": "europe-central2",
            "name": "alerting-monitoring",
            "observed_generation": "1",
            "project": "irio-alerting",
            "reconciling": false,
            "template": [
              {
                "annotations": {},
                "labels": {},
                "parallelism": 0,
                "task_count": 1,
                "template": [
                  {
                    "containers": [
                      {
                        "args": [],
                        "command": [],
                        "env": [
                          {
                            "name": "API_BASE_URL",
                            "value": "https://alerting-api-ze5l7dfd3q-lm.a.run.app",
                            "value_source": []
                          },
                          {
                            "name": "PUBSUB_TOPIC",
                            "value": "projects/irio-alerting/topics/alerting",
                            "value_source": []
                          }
                        ],
                        "image": "europe-central2-docker.pkg.dev/irio-alerting/irio-alerting-dockers/monitoring:v1.0.0",
                        "name": "",
                        "ports": [],
                        "resources": [
                          {
                            "limits": {
                              "cpu": "1000m",
                              "memory": "512Mi"
                            }
                          }
                        ],
                        "volume_mounts": [],
                        "working_dir": ""
                      }
                    ],
                    "encryption_key": "",
                    "execution_environment": "EXECUTION_ENVIRONMENT_GEN2",
                    "max_retries": 3,
                    "service_account": "804981314451-compute@developer.gserviceaccount.com",
                    "timeout": "600s",
                    "volumes": [],
                    "vpc_access": []
                  }
                ]
              }
            ],
            "terminal_condition": [
              {
                "execution_reason": "",
                "last_transition_time": "2026-01-31T12:48:17.364370Z",
                "message": "",
                "reason": "",
                "revision_reason": "",
                "severity": "",
                "state": "CONDITION_SUCCEEDED",
                "type": "Ready"
              }
            ],
            "terraform_labels": {},
            "timeouts": null,
            "uid": "f24a2443-6c41-47ff-a9f6-ac03450b9601",
            "update_time": "2026-01-31T12:48:17.110801Z"
          },
          "sensitive_attributes": [],
          "identity_schema_version": 0,
          "private": "eyJlMmJmYjczMC1lY2FhLTExZTYtOGY4OC0zNDM2M2JjN2M0YzAiOnsiY3JlYXRlIjoxMjAwMDAwMDAwMDAwLCJkZWxldGUiOjEyMDAwMDAwMDAwMDAsInVwZGF0ZSI6MTIwMDAwMDAwMDAwMH19",
          "dependencies": [
            "google_cloud_run_service.api",
            "google_pubsub_topic.alerting",
            "google_secret_manager_secret.db_host",
            "google_secret_manager_secret.db_name",
            "google_secret_manager_secret.db_password",
            "google_secret_manager_secret.db_user"
          ]
        }
      ]
    },
    {
      "mode": "managed",
      "type": "google_pubsub_topic",
      "name": "alerting",
      "provider": "provider[\"registry.terraform.io/hashicorp/google\"]",
      "instances": [
        {
          "schema_version": 0,
          "attributes": {
            "effective_labels": {},
            "id": "projects/irio-alerting/topics/alerting",
            "ingestion_data_source_settings": [],
            "kms_key_name": "",
            "labels": {},
            "message_retention_duration": "",
            "message_storage_policy": [],
            "name": "alerting",
            "project": "irio-alerting",
            "schema_settings": [],
            "terraform_labels": {},
            "timeouts": null
          },
          "sensitive_attributes": [],
          "identity_schema_version": 0,
          "private": "eyJlMmJmYjczMC1lY2FhLTExZTYtOGY4OC0zNDM2M2JjN2M0YzAiOnsiY3JlYXRlIjoxMjAwMDAwMDAwMDAwLCJkZWxldGUiOjEyMDAwMDAwMDAwMDAsInVwZGF0ZSI6MTIwMDAwMDAwMDAwMH19"
        }
      ]
    },
    {
      "mode": "managed",
      "type": "google_secret_manager_secret",
      "name": "api_url",
      "provider": "provider[\"registry.terraform.io/hashicorp/google\"]",
      "instances": [
        {
          "schema_version": 0,
          "attributes": {
            "annotations": {},
            "create_time": "2026-01-31T11:17:53.669826Z",
            "effective_annotations": {},
            "effective_labels": {},
            "expire_time": "",
            "id": "projects/irio-alerting/secrets/API_BASE_URL",
            "labels": {},
            "name": "projects/804981314451/secrets/API_BASE_URL",
            "project": "irio-alerting",
            "replication": [
              {
                "auto": [
                  {
                    "customer_managed_encryption": []
                  }
                ],
                "user_managed": []
              }
            ],
            "rotation": [],
            "secret_id": "API_BASE_URL",
            "terraform_labels": {},
            "timeouts": null,
            "topics": [],
            "ttl": null,
            "version_aliases": {},
            "version_destroy_ttl": ""
          },
          "sensitive_attributes": [],
          "identity_schema_version": 0,
          "private": "eyJlMmJmYjczMC1lY2FhLTExZTYtOGY4OC0zNDM2M2JjN2M0YzAiOnsiY3JlYXRlIjoxMjAwMDAwMDAwMDAwLCJkZWxldGUiOjEyMDAwMDAwMDAwMDAsInVwZGF0ZSI6MTIwMDAwMDAwMDAwMH19"
        }
      ]
    },
    {
      "mode": "managed",
      "type": "google_secret_manager_secret",
      "name": "db_host",
      "provider": "provider[\"registry.terraform.io/hashicorp/google\"]",
      "instances": [
        {
          "schema_version": 0,
          "attributes": {
            "annotations": null,
            "create_time": "2026-01-31T16:07:24.644010Z",
            "effective_annotations": {},
            "effective_labels": {},
            "expire_time": "",
            "id": "projects/irio-alerting/secrets/db_host",
            "labels": null,
            "name": "projects/804981314451/secrets/db_host",
            "project": "irio-alerting",
            "replication": [
              {
                "auto": [
                  {
                    "customer_managed_encryption": []
                  }
                ],
                "user_managed": []
              }
            ],
            "rotation": [],
            "secret_id": "db_host",
            "terraform_labels": {},
            "timeouts": null,
            "topics": [],
            "ttl": null,
            "version_aliases": null,
            "version_destroy_ttl": ""
          },
          "sensitive_attributes": [],
          "identity_schema_version": 0,
          "private": "eyJlMmJmYjczMC1lY2FhLTExZTYtOGY4OC0zNDM2M2JjN2M0YzAiOnsiY3JlYXRlIjoxMjAwMDAwMDAwMDAwLCJkZWxldGUiOjEyMDAwMDAwMDAwMDAsInVwZGF0ZSI6MTIwMDAwMDAwMDAwMH19"
        }
      ]
    },
    {
      "mode": "managed",
      "type": "google_secret_manager_secret",
      "name": "db_name",
      "provider": "provider[\"registry.terraform.io/hashicorp/google\"]",
      "instances": [
        {
          "schema_version": 0,
          "attributes": {
            "annotations": null,
            "create_time": "2026-01-31T16:07:24.644256Z",
            "effective_annotations": {},
            "effective_labels": {},
            "expire_time": "",
            "id": "projects/irio-alerting/secrets/db_name",
            "labels": null,
            "name": "projects/804981314451/secrets/db_name",
            "project": "irio-alerting",
            "replication": [
              {
                "auto": [
                  {
                    "customer_managed_encryption": []
                  }
                ],
                "user_managed": []
              }
            ],
            "rotation": [],
            "secret_id": "db_name",
            "terraform_labels": {},
            "timeouts": null,
            "topics": [],
            "ttl": null,
            "version_aliases": null,
            "version_destroy_ttl": ""
          },
          "sensitive_attributes": [],
          "identity_schema_version": 0,
          "private": "eyJlMmJmYjczMC1lY2FhLTExZTYtOGY4OC0zNDM2M2JjN2M0YzAiOnsiY3JlYXRlIjoxMjAwMDAwMDAwMDAwLCJkZWxldGUiOjEyMDAwMDAwMDAwMDAsInVwZGF0ZSI6MTIwMDAwMDAwMDAwMH19"
        }
      ]
    },
    {
      "mode": "managed",
      "type": "google_secret_manager_secret",
      "name": "db_password",
      "provider": "provider[\"registry.terraform.io/hashicorp/google\"]",
      "instances": [
        {
          "schema_version": 0,
          "attributes": {
            "annotations": null,
            "create_time": "2026-01-31T16:07:24.615249Z",
            "effective_annotations": {},
            "effective_labels": {},
            "expire_time": "",
            "id": "projects/irio-alerting/secrets/db_password",
            "labels": null,
            "name": "projects/804981314451/secrets/db_password",
            "project": "irio-alerting",
            "replication": [
              {
                "auto": [
                  {
                    "customer_managed_encryption": []
                  }
                ],
                "user_managed": []
              }
            ],
            "rotation": [],
            "secret_id": "db_password",
            "terraform_labels": {},
            "timeouts": null,
            "topics": [],
            "ttl": null,
            "version_aliases": null,
            "version_destroy_ttl": ""
          },
          "sensitive_attributes": [],
          "identity_schema_version": 0,
          "private": "eyJlMmJmYjczMC1lY2FhLTExZTYtOGY4OC0zNDM2M2JjN2M0YzAiOnsiY3JlYXRlIjoxMjAwMDAwMDAwMDAwLCJkZWxldGUiOjEyMDAwMDAwMDAwMDAsInVwZGF0ZSI6MTIwMDAwMDAwMDAwMH19"
        }
      ]
    },
    {
      "mode": "managed",
      "type": "google_secret_manager_secret",
      "name": "db_user",
      "provider": "provider[\"registry.terraform.io/hashicorp/google\"]",
      "instances": [
        {
          "schema_version": 0,
          "attributes": {
            "annotations": null,
            "create_time": "2026-01-31T16:07:25.015237Z",
            "effective_annotations": {},
            "effective_labels": {},
            "expire_time": "",
            "id": "projects/irio-alerting/secrets/db_user",
            "labels": null,
            "name": "projects/804981314451/secrets/db_user",
            "project": "irio-alerting",
            "replication": [
              {
                "auto": [
                  {
                    "customer_managed_encryption": []
                  }
                ],
                "user_managed": []
              }
            ],
            "rotation": [],
            "secret_id": "db_user",
            "terraform_labels": {},
            "timeouts": null,
            "topics": [],
            "ttl": null,
            "version_aliases": null,
            "version_destroy_ttl": ""
          },
          "sensitive_attributes": [],
          "identity_schema_version": 0,
          "private": "eyJlMmJmYjczMC1lY2FhLTExZTYtOGY4OC0zNDM2M2JjN2M0YzAiOnsiY3JlYXRlIjoxMjAwMDAwMDAwMDAwLCJkZWxldGUiOjEyMDAwMDAwMDAwMDAsInVwZGF0ZSI6MTIwMDAwMDAwMDAwMH19"
        }
      ]
    },
    {
      "mode": "managed",
      "type": "google_secret_manager_secret",
      "name": "jwt_secret",
      "provider": "provider[\"registry.terraform.io/hashicorp/google\"]",
      "instances": [
        {
          "schema_version": 0,
          "attributes": {
            "annotations": null,
            "create_time": "2026-01-31T16:07:24.160814Z",
            "effective_annotations": {},
            "effective_labels": {},
            "expire_time": "",
            "id": "projects/irio-alerting/secrets/jwt_secret",
            "labels": null,
            "name": "projects/804981314451/secrets/jwt_secret",
            "project": "irio-alerting",
            "replication": [
              {
                "auto": [
                  {
                    "customer_managed_encryption": []
                  }
                ],
                "user_managed": []
              }
            ],
            "rotation": [],
            "secret_id": "jwt_secret",
            "terraform_labels": {},
            "timeouts": null,
            "topics": [],
            "ttl": null,
            "version_aliases": null,
            "version_destroy_ttl": ""
          },
          "sensitive_attributes": [],
          "identity_schema_version": 0,
          "private": "eyJlMmJmYjczMC1lY2FhLTExZTYtOGY4OC0zNDM2M2JjN2M0YzAiOnsiY3JlYXRlIjoxMjAwMDAwMDAwMDAwLCJkZWxldGUiOjEyMDAwMDAwMDAwMDAsInVwZGF0ZSI6MTIwMDAwMDAwMDAwMH19"
        }
      ]
    },
    {
      "mode": "managed",
      "type": "google_secret_manager_secret",
      "name": "smtp_from",
      "provider": "provider[\"registry.terraform.io/hashicorp/google\"]",
      "instances": [
        {
          "schema_version": 0,
          "attributes": {
            "annotations": null,
            "create_time": "2026-01-31T16:07:24.288074Z",
            "effective_annotations": {},
            "effective_labels": {},
            "expire_time": "",
            "id": "projects/irio-alerting/secrets/smtp_from",
            "labels": null,
            "name": "projects/804981314451/secrets/smtp_from",
            "project": "irio-alerting",
            "replication": [
              {
                "auto": [
                  {
                    "customer_managed_encryption": []
                  }
                ],
                "user_managed": []
              }
            ],
            "rotation": [],
            "secret_id": "smtp_from",
            "terraform_labels": {},
            "timeouts": null,
            "topics": [],
            "ttl": null,
            "version_aliases": null,
            "version_destroy_ttl": ""
          },
          "sensitive_attributes": [],
          "identity_schema_version": 0,
          "private": "eyJlMmJmYjczMC1lY2FhLTExZTYtOGY4OC0zNDM2M2JjN2M0YzAiOnsiY3JlYXRlIjoxMjAwMDAwMDAwMDAwLCJkZWxldGUiOjEyMDAwMDAwMDAwMDAsInVwZGF0ZSI6MTIwMDAwMDAwMDAwMH19"
        }
      ]
    },
    {
      "mode": "managed",
      "type": "google_secret_manager_secret",
      "name": "smtp_host",
      "provider": "provider[\"registry.terraform.io/hashicorp/google\"]",
      "instances": [
        {
          "schema_version": 0,
          "attributes": {
            "annotations": null,
            "create_time": "2026-01-31T16:07:24.161408Z",
            "effective_annotations": {},
            "effective_labels": {},
            "expire_time": "",
            "id": "projects/irio-alerting/secrets/smtp_host",
            "labels": null,
            "name": "projects/804981314451/secrets/smtp_host",
            "project": "irio-alerting",
            "replication": [
              {
                "auto": [
                  {
                    "customer_managed_encryption": []
                  }
                ],
                "user_managed": []
              }
            ],
            "rotation": [],
            "secret_id": "smtp_host",
            "terraform_labels": {},
            "timeouts": null,
            "topics": [],
            "ttl": null,
            "version_aliases": null,
            "version_destroy_ttl": ""
          },
          "sensitive_attributes": [],
          "identity_schema_version": 0,
          "private": "eyJlMmJmYjczMC1lY2FhLTExZTYtOGY4OC0zNDM2M2JjN2M0YzAiOnsiY3JlYXRlIjoxMjAwMDAwMDAwMDAwLCJkZWxldGUiOjEyMDAwMDAwMDAwMDAsInVwZGF0ZSI6MTIwMDAwMDAwMDAwMH19"
        }
      ]
    },
    {
      "mode": "managed",
      "type": "google_secret_manager_secret",
      "name": "smtp_password",
      "provider": "provider[\"registry.terraform.io/hashicorp/google\"]",
      "instances": [
        {
          "schema_version": 0,
          "attributes": {
            "annotations": null,
            "create_time": "2026-01-31T16:07:24.309831Z",
            "effective_annotations": {},
            "effective_labels": {},
            "expire_time": "",
            "id": "projects/irio-alerting/secrets/smtp_password",
            "labels": null,
            "name": "projects/804981314451/secrets/smtp_password",
            "project": "irio-alerting",
            "replication": [
              {
                "auto": [
                  {
                    "customer_managed_encryption": []
                  }
                ],
                "user_managed": []
              }
            ],
            "rotation": [],
            "secret_id": "smtp_password",
            "terraform_labels": {},
            "timeouts": null,
            "topics": [],
            "ttl": null,
            "version_aliases": null,
            "version_destroy_ttl": ""
          },
          "sensitive_attributes": [],
          "identity_schema_version": 0,
          "private": "eyJlMmJmYjczMC1lY2FhLTExZTYtOGY4OC0zNDM2M2JjN2M0YzAiOnsiY3JlYXRlIjoxMjAwMDAwMDAwMDAwLCJkZWxldGUiOjEyMDAwMDAwMDAwMDAsInVwZGF0ZSI6MTIwMDAwMDAwMDAwMH19"
        }
      ]
    },
    {
      "mode": "managed",
      "type": "google_secret_manager_secret",
      "name": "smtp_port",
      "provider": "provider[\"registry.terraform.io/hashicorp/google\"]",
      "instances": [
        {
          "schema_version": 0,
          "attributes": {
            "annotations": null,
            "create_time": "2026-01-31T16:07:24.409947Z",
            "effective_annotations": {},
            "effective_labels": {},
            "expire_time": "",
            "id": "projects/irio-alerting/secrets/smtp_port",
            "labels": null,
            "name": "projects/804981314451/secrets/smtp_port",
            "project": "irio-alerting",
            "replication": [
              {
                "auto": [
                  {
                    "customer_managed_encryption": []
                  }
                ],
                "user_managed": []
              }
            ],
            "rotation": [],
            "secret_id": "smtp_port",
            "terraform_labels": {},
            "timeouts": null,
            "topics": [],
            "ttl": null,
            "version_aliases": null,
            "version_destroy_ttl": ""
          },
          "sensitive_attributes": [],
          "identity_schema_version": 0,
          "private": "eyJlMmJmYjczMC1lY2FhLTExZTYtOGY4OC0zNDM2M2JjN2M0YzAiOnsiY3JlYXRlIjoxMjAwMDAwMDAwMDAwLCJkZWxldGUiOjEyMDAwMDAwMDAwMDAsInVwZGF0ZSI6MTIwMDAwMDAwMDAwMH19"
        }
      ]
    },
    {
      "mode": "managed",
      "type": "google_secret_manager_secret",
      "name": "smtp_username",
      "provider": "provider[\"registry.terraform.io/hashicorp/google\"]",
      "instances": [
        {
          "schema_version": 0,
          "attributes": {
            "annotations": null,
            "create_time": "2026-01-31T16:07:24.284853Z",
            "effective_annotations": {},
            "effective_labels": {},
            "expire_time": "",
            "id": "projects/irio-alerting/secrets/smtp_username",
            "labels": null,
            "name": "projects/804981314451/secrets/smtp_username",
            "project": "irio-alerting",
            "replication": [
              {
                "auto": [
                  {
                    "customer_managed_encryption": []
                  }
                ],
                "user_managed": []
              }
            ],
            "rotation": [],
            "secret_id": "smtp_username",
            "terraform_labels": {},
            "timeouts": null,
            "topics": [],
            "ttl": null,
            "version_aliases": null,
            "version_destroy_ttl": ""
          },
          "sensitive_attributes": [],
          "identity_schema_version": 0,
          "private": "eyJlMmJmYjczMC1lY2FhLTExZTYtOGY4OC0zNDM2M2JjN2M0YzAiOnsiY3JlYXRlIjoxMjAwMDAwMDAwMDAwLCJkZWxldGUiOjEyMDAwMDAwMDAwMDAsInVwZGF0ZSI6MTIwMDAwMDAwMDAwMH19"
        }
      ]
    },
    {
      "mode": "managed",
      "type": "google_secret_manager_secret_iam_member",
      "name": "api_db_access",
      "provider": "provider[\"registry.terraform.io/hashicorp/google\"]",
      "instances": [
        {
          "index_key": "db_host",
          "schema_version": 0,
          "attributes": {
            "condition": [],
            "etag": "BwZJsUmfq4o=",
            "id": "projects/irio-alerting/secrets/db_host/roles/secretmanager.secretAccessor/serviceAccount:api-sa@irio-alerting.iam.gserviceaccount.com",
            "member": "serviceAccount:api-sa@irio-alerting.iam.gserviceaccount.com",
            "project": "irio-alerting",
            "role": "roles/secretmanager.secretAccessor",
            "secret_id": "projects/irio-alerting/secrets/db_host"
          },
          "sensitive_attributes": [],
          "identity_schema_version": 0,
          "private": "bnVsbA==",
          "dependencies": [
            "google_secret_manager_secret.db_host",
            "google_secret_manager_secret.db_name",
            "google_secret_manager_secret.db_password",
            "google_secret_manager_secret.db_user",
            "google_service_account.api"
          ]
        },
        {
          "index_key": "db_name",
          "schema_version": 0,
          "attributes": {
            "condition": [],
            "etag": "BwZJsUmbFpo=",
            "id": "projects/irio-alerting/secrets/db_name/roles/secretmanager.secretAccessor/serviceAccount:api-sa@irio-alerting.iam.gserviceaccount.com",
            "member": "serviceAccount:api-sa@irio-alerting.iam.gserviceaccount.com",
            "project": "irio-alerting",
            "role": "roles/secretmanager.secretAccessor",
            "secret_id": "projects/irio-alerting/secrets/db_name"
          },
          "sensitive_attributes": [],
          "identity_schema_version": 0,
          "private": "bnVsbA==",
          "dependencies": [
            "google_secret_manager_secret.db_host",
            "google_secret_manager_secret.db_name",
            "google_secret_manager_secret.db_password",
            "google_secret_manager_secret.db_user",
            "google_service_account.api"
          ]
        },
        {
          "index_key": "db_password",
          "schema_version": 0,
          "attributes": {
            "condition": [],
            "etag": "BwZJsUmfw1U=",
            "id": "projects/irio-alerting/secrets/db_password/roles/secretmanager.secretAccessor/serviceAccount:api-sa@irio-alerting.iam.gserviceaccount.com",
            "member": "serviceAccount:api-sa@irio-alerting.iam.gserviceaccount.com",
            "project": "irio-alerting",
            "role": "roles/secretmanager.secretAccessor",
            "secret_id": "projects/irio-alerting/secrets/db_password"
          },
          "sensitive_attributes": [],
          "identity_schema_version": 0,
          "private": "bnVsbA==",
          "dependencies": [
            "google_secret_manager_secret.db_host",
            "google_secret_manager_secret.db_name",
            "google_secret_manager_secret.db_password",
            "google_secret_manager_secret.db_user",
            "google_service_account.api"
          ]
        },
        {
          "index_key": "db_username",
          "schema_version": 0,
          "attributes": {
            "condition": [],
            "etag": "BwZJsUmcpB0=",
            "id": "projects/irio-alerting/secrets/db_user/roles/secretmanager.secretAccessor/serviceAccount:api-sa@irio-alerting.iam.gserviceaccount.com",
            "member": "serviceAccount:api-sa@irio-alerting.iam.gserviceaccount.com",
            "project": "irio-alerting",
            "role": "roles/secretmanager.secretAccessor",
            "secret_id": "projects/irio-alerting/secrets/db_user"
          },
          "sensitive_attributes": [],
          "identity_schema_version": 0,
          "private": "bnVsbA==",
          "dependencies": [
            "google_secret_manager_secret.db_host",
            "google_secret_manager_secret.db_name",
            "google_secret_manager_secret.db_password",
            "google_secret_manager_secret.db_user",
            "google_service_account.api"
          ]
        }
      ]
    },
    {
      "mode": "managed",
      "type": "google_secret_manager_secret_iam_member",
      "name": "manual_access",
      "provider": "provider[\"registry.terraform.io/hashicorp/google\"]",
      "instances": [
        {
          "index_key": "db_host",
          "schema_version": 0,
          "attributes": {
            "condition": [],
            "etag": "BwZJsUoE/DU=",
            "id": "projects/irio-alerting/secrets/db_host/roles/secretmanager.secretAccessor/serviceAccount:manual-sa@irio-alerting.iam.gserviceaccount.com",
            "member": "serviceAccount:manual-sa@irio-alerting.iam.gserviceaccount.com",
            "project": "irio-alerting",
            "role": "roles/secretmanager.secretAccessor",
            "secret_id": "projects/irio-alerting/secrets/db_host"
          },
          "sensitive_attributes": [],
          "identity_schema_version": 0,
          "private": "bnVsbA==",
          "dependencies": [
            "google_secret_manager_secret.db_host",
            "google_secret_manager_secret.db_name",
            "google_secret_manager_secret.db_password",
            "google_secret_manager_secret.db_user",
            "google_secret_manager_secret.jwt_secret",
            "google_secret_manager_secret.smtp_from",
            "google_secret_manager_secret.smtp_host",
            "google_secret_manager_secret.smtp_password",
            "google_secret_manager_secret.smtp_port",
            "google_secret_manager_secret.smtp_username",
            "google_service_account.manual"
          ]
        },
        {
          "index_key": "db_name",
          "schema_version": 0,
          "attributes": {
            "condition": [],
            "etag": "BwZJsUnt3E0=",
            "id": "projects/irio-alerting/secrets/db_name/roles/secretmanager.secretAccessor/serviceAccount:manual-sa@irio-alerting.iam.gserviceaccount.com",
            "member": "serviceAccount:manual-sa@irio-alerting.iam.gserviceaccount.com",
            "project": "irio-alerting",
            "role": "roles/secretmanager.secretAccessor",
            "secret_id": "projects/irio-alerting/secrets/db_name"
          },
          "sensitive_attributes": [],
          "identity_schema_version": 0,
          "private": "bnVsbA==",
          "dependencies": [
            "google_secret_manager_secret.db_host",
            "google_secret_manager_secret.db_name",
            "google_secret_manager_secret.db_password",
            "google_secret_manager_secret.db_user",
            "google_secret_manager_secret.jwt_secret",
            "google_secret_manager_secret.smtp_from",
            "google_secret_manager_secret.smtp_host",
            "google_secret_manager_secret.smtp_password",
            "google_secret_manager_secret.smtp_port",
            "google_secret_manager_secret.smtp_username",
            "google_service_account.manual"
          ]
        },
        {
          "index_key": "db_password",
          "schema_version": 0,
          "attributes": {
            "condition": [],
            "etag": "BwZJsUnuVUY=",
            "id": "projects/irio-alerting/secrets/db_password/roles/secretmanager.secretAccessor/serviceAccount:manual-sa@irio-alerting.iam.gserviceaccount.com",
            "member": "serviceAccount:manual-sa@irio-alerting.iam.gserviceaccount.com",
            "project": "irio-alerting",
            "role": "roles/secretmanager.secretAccessor",
            "secret_id": "projects/irio-alerting/secrets/db_password"
          },
          "sensitive_attributes": [],
          "identity_schema_version": 0,
          "private": "bnVsbA==",
          "dependencies": [
            "google_secret_manager_secret.db_host",
            "google_secret_manager_secret.db_name",
            "google_secret_manager_secret.db_password",
            "google_secret_manager_secret.db_user",
            "google_secret_manager_secret.jwt_secret",
            "google_secret_manager_secret.smtp_from",
            "google_secret_manager_secret.smtp_host",
            "google_secret_manager_secret.smtp_password",
            "google_secret_manager_secret.smtp_port",
            "google_secret_manager_secret.smtp_username",
            "google_service_account.manual"
          ]
        },
        {
          "index_key": "db_username",
          "schema_version": 0,
          "attributes": {
            "condition": [],
            "etag": "BwZJsUn4qFo=",
            "id": "projects/irio-alerting/secrets/db_user/roles/secretmanager.secretAccessor/serviceAccount:manual-sa@irio-alerting.iam.gserviceaccount.com",
            "member": "serviceAccount:manual-sa@irio-alerting.iam.gserviceaccount.com",
            "project": "irio-alerting",
            "role": "roles/secretmanager.secretAccessor",
            "secret_id": "projects/irio-alerting/secrets/db_user"
          },
          "sensitive_attributes": [],
          "identity_schema_version": 0,
          "private": "bnVsbA==",
          "dependencies": [
            "google_secret_manager_secret.db_host",
            "google_secret_manager_secret.db_name",
            "google_secret_manager_secret.db_password",
            "google_secret_manager_secret.db_user",
            "google_secret_manager_secret.jwt_secret",
            "google_secret_manager_secret.smtp_from",
            "google_secret_manager_secret.smtp_host",
            "google_secret_manager_secret.smtp_password",
            "google_secret_manager_secret.smtp_port",
            "google_secret_manager_secret.smtp_username",
            "google_service_account.manual"
          ]
        },
        {
          "index_key": "jwt_secret",
          "schema_version": 0,
          "attributes": {
            "condition": [],
            "etag": "BwZJsUnsLWU=",
            "id": "projects/irio-alerting/secrets/jwt_secret/roles/secretmanager.secretAccessor/serviceAccount:manual-sa@irio-alerting.iam.gserviceaccount.com",
            "member": "serviceAccount:manual-sa@irio-alerting.iam.gserviceaccount.com",
            "project": "irio-alerting",
            "role": "roles/secretmanager.secretAccessor",
            "secret_id": "projects/irio-alerting/secrets/jwt_secret"
          },
          "sensitive_attributes": [],
          "identity_schema_version": 0,
          "private": "bnVsbA==",
          "dependencies": [
            "google_secret_manager_secret.db_host",
            "google_secret_manager_secret.db_name",
            "google_secret_manager_secret.db_password",
            "google_secret_manager_secret.db_user",
            "google_secret_manager_secret.jwt_secret",
            "google_secret_manager_secret.smtp_from",
            "google_secret_manager_secret.smtp_host",
            "google_secret_manager_secret.smtp_password",
            "google_secret_manager_secret.smtp_port",
            "google_secret_manager_secret.smtp_username",
            "google_service_account.manual"
          ]
        },
        {
          "index_key": "smtp_from",
          "schema_version": 0,
          "attributes": {
            "condition": [],
            "etag": "BwZJsUnAkp4=",
            "id": "projects/irio-alerting/secrets/smtp_from/roles/secretmanager.secretAccessor/serviceAccount:manual-sa@irio-alerting.iam.gserviceaccount.com",
            "member": "serviceAccount:manual-sa@irio-alerting.iam.gserviceaccount.com",
            "project": "irio-alerting",
            "role": "roles/secretmanager.secretAccessor",
            "secret_id": "projects/irio-alerting/secrets/smtp_from"
          },
          "sensitive_attributes": [],
          "identity_schema_version": 0,
          "private": "bnVsbA==",
          "dependencies": [
            "google_secret_manager_secret.db_host",
            "google_secret_manager_secret.db_name",
            "google_secret_manager_secret.db_password",
            "google_secret_manager_secret.db_user",
            "google_secret_manager_secret.jwt_secret",
            "google_secret_manager_secret.smtp_from",
            "google_secret_manager_secret.smtp_host",
            "google_secret_manager_secret.smtp_password",
            "google_secret_manager_secret.smtp_port",
            "google_secret_manager_secret.smtp_username",
            "google_service_account.manual"
          ]
        },
        {
          "index_key": "smtp_host",
          "schema_version": 0,
          "attributes": {
            "condition": [],
            "etag": "BwZJsUnPZbA=",
            "id": "projects/irio-alerting/secrets/smtp_host/roles/secretmanager.secretAccessor/serviceAccount:manual-sa@irio-alerting.iam.gserviceaccount.com",
            "member": "serviceAccount:manual-sa@irio-alerting.iam.gserviceaccount.com",
            "project": "irio-alerting",
            "role": "roles/secretmanager.secretAccessor",
            "secret_id": "projects/irio-alerting/secrets/smtp_host"
          },
          "sensitive_attributes": [],
          "identity_schema_version": 0,
          "private": "bnVsbA==",
          "dependencies": [
            "google_secret_manager_secret.db_host",
            "google_secret_manager_secret.db_name",
            "google_secret_manager_secret.db_password",
            "google_secret_manager_secret.db_user",
            "google_secret_manager_secret.jwt_secret",
            "google_secret_manager_secret.smtp_from",
            "google_secret_manager_secret.smtp_host",
            "google_secret_manager_secret.smtp_password",
            "google_secret_manager_secret.smtp_port",
            "google_secret_manager_secret.smtp_username",
            "google_service_account.manual"
          ]
        },
        {
          "index_key": "smtp_password",
          "schema_version": 0,
          "attributes": {
            "condition": [],
            "etag": "BwZJsUnem6g=",
            "id": "projects/irio-alerting/secrets/smtp_password/roles/secretmanager.secretAccessor/serviceAccount:manual-sa@irio-alerting.iam.gserviceaccount.com",
            "member": "serviceAccount:manual-sa@irio-alerting.iam.gserviceaccount.com",
            "project": "irio-alerting",
            "role": "roles/secretmanager.secretAccessor",
            "secret_id": "projects/irio-alerting/secrets/smtp_password"
          },
          "sensitive_attributes": [],
          "identity_schema_version": 0,
          "private": "bnVsbA==",
          "dependencies": [
            "google_secret_manager_secret.db_host",
            "google_secret_manager_secret.db_name",
            "google_secret_manager_secret.db_password",
            "google_secret_manager_secret.db_user",
            "google_secret_manager_secret.jwt_secret",
            "google_secret_manager_secret.smtp_from",
            "google_secret_manager_secret.smtp_host",
            "google_secret_manager_secret.smtp_password",
            "google_secret_manager_secret.smtp_port",
            "google_secret_manager_secret.smtp_username",
            "google_service_account.manual"
          ]
        },
        {
          "index_key": "smtp_port",
          "schema_version": 0,
          "attributes": {
            "condition": [],
            "etag": "BwZJsUmtyVI=",
            "id": "projects/irio-alerting/secrets/smtp_port/roles/secretmanager.secretAccessor/serviceAccount:manual-sa@irio-alerting.iam.gserviceaccount.com",
            "member": "serviceAccount:manual-sa@irio-alerting.iam.gserviceaccount.com",
            "project": "irio-alerting",
            "role": "roles/secretmanager.secretAccessor",
            "secret_id": "projects/irio-alerting/secrets/smtp_port"
          },
          "sensitive_attributes": [],
          "identity_schema_version": 0,
          "private": "bnVsbA==",
          "dependencies": [
            "google_secret_manager_secret.db_host",
            "google_secret_manager_secret.db_name",
            "google_secret_manager_secret.db_password",
            "google_secret_manager_secret.db_user",
            "google_secret_manager_secret.jwt_secret",
            "google_secret_manager_secret.smtp_from",
            "google_secret_manager_secret.smtp_host",
            "google_secret_manager_secret.smtp_password",
            "google_secret_manager_secret.smtp_port",
            "google_secret_manager_secret.smtp_username",
            "google_service_account.manual"
          ]
        },
        {
          "index_key": "smtp_username",
          "schema_version": 0,
          "attributes": {
            "condition": [],
            "etag": "BwZJsUnTtYs=",
            "id": "projects/irio-alerting/secrets/smtp_username/roles/secretmanager.secretAccessor/serviceAccount:manual-sa@irio-alerting.iam.gserviceaccount.com",
            "member": "serviceAccount:manual-sa@irio-alerting.iam.gserviceaccount.com",
            "project": "irio-alerting",
            "role": "roles/secretmanager.secretAccessor",
            "secret_id": "projects/irio-alerting/secrets/smtp_username"
          },
          "sensitive_attributes": [],
          "identity_schema_version": 0,
          "private": "bnVsbA==",
          "dependencies": [
            "google_secret_manager_secret.db_host",
            "google_secret_manager_secret.db_name",
            "google_secret_manager_secret.db_password",
            "google_secret_manager_secret.db_user",
            "google_secret_manager_secret.jwt_secret",
            "google_secret_manager_secret.smtp_from",
            "google_secret_manager_secret.smtp_host",
            "google_secret_manager_secret.smtp_password",
            "google_secret_manager_secret.smtp_port",
            "google_secret_manager_secret.smtp_username",
            "google_service_account.manual"
          ]
        }
      ]
    },
    {
      "mode": "managed",
      "type": "google_secret_manager_secret_iam_member",
      "name": "notification_access",
      "provider": "provider[\"registry.terraform.io/hashicorp/google\"]",
      "instances": [
        {
          "index_key": "jwt_secret",
          "schema_version": 0,
          "attributes": {
            "condition": [],
            "etag": "BwZJsUlIgpQ=",
            "id": "projects/irio-alerting/secrets/jwt_secret/roles/secretmanager.secretAccessor/serviceAccount:notification-sa@irio-alerting.iam.gserviceaccount.com",
            "member": "serviceAccount:notification-sa@irio-alerting.iam.gserviceaccount.com",
            "project": "irio-alerting",
            "role": "roles/secretmanager.secretAccessor",
            "secret_id": "projects/irio-alerting/secrets/jwt_secret"
          },
          "sensitive_attributes": [],
          "identity_schema_version": 0,
          "private": "bnVsbA==",
          "dependencies": [
            "google_secret_manager_secret.jwt_secret",
            "google_secret_manager_secret.smtp_from",
            "google_secret_manager_secret.smtp_host",
            "google_secret_manager_secret.smtp_password",
            "google_secret_manager_secret.smtp_port",
            "google_secret_manager_secret.smtp_username",
            "google_service_account.notification"
          ]
        },
        {
          "index_key": "smtp_from",
          "schema_version": 0,
          "attributes": {
            "condition": [],
            "etag": "BwZJsUnAkp4=",
            "id": "projects/irio-alerting/secrets/smtp_from/roles/secretmanager.secretAccessor/serviceAccount:notification-sa@irio-alerting.iam.gserviceaccount.com",
            "member": "serviceAccount:notification-sa@irio-alerting.iam.gserviceaccount.com",
            "project": "irio-alerting",
            "role": "roles/secretmanager.secretAccessor",
            "secret_id": "projects/irio-alerting/secrets/smtp_from"
          },
          "sensitive_attributes": [],
          "identity_schema_version": 0,
          "private": "bnVsbA==",
          "dependencies": [
            "google_secret_manager_secret.jwt_secret",
            "google_secret_manager_secret.smtp_from",
            "google_secret_manager_secret.smtp_host",
            "google_secret_manager_secret.smtp_password",
            "google_secret_manager_secret.smtp_port",
            "google_secret_manager_secret.smtp_username",
            "google_service_account.notification"
          ]
        },
        {
          "index_key": "smtp_host",
          "schema_version": 0,
          "attributes": {
            "condition": [],
            "etag": "BwZJsUlHQ4Y=",
            "id": "projects/irio-alerting/secrets/smtp_host/roles/secretmanager.secretAccessor/serviceAccount:notification-sa@irio-alerting.iam.gserviceaccount.com",
            "member": "serviceAccount:notification-sa@irio-alerting.iam.gserviceaccount.com",
            "project": "irio-alerting",
            "role": "roles/secretmanager.secretAccessor",
            "secret_id": "projects/irio-alerting/secrets/smtp_host"
          },
          "sensitive_attributes": [],
          "identity_schema_version": 0,
          "private": "bnVsbA==",
          "dependencies": [
            "google_secret_manager_secret.jwt_secret",
            "google_secret_manager_secret.smtp_from",
            "google_secret_manager_secret.smtp_host",
            "google_secret_manager_secret.smtp_password",
            "google_secret_manager_secret.smtp_port",
            "google_secret_manager_secret.smtp_username",
            "google_service_account.notification"
          ]
        },
        {
          "index_key": "smtp_password",
          "schema_version": 0,
          "attributes": {
            "condition": [],
            "etag": "BwZJsUl91mM=",
            "id": "projects/irio-alerting/secrets/smtp_password/roles/secretmanager.secretAccessor/serviceAccount:notification-sa@irio-alerting.iam.gserviceaccount.com",
            "member": "serviceAccount:notification-sa@irio-alerting.iam.gserviceaccount.com",
            "project": "irio-alerting",
            "role": "roles/secretmanager.secretAccessor",
            "secret_id": "projects/irio-alerting/secrets/smtp_password"
          },
          "sensitive_attributes": [],
          "identity_schema_version": 0,
          "private": "bnVsbA==",
          "dependencies": [
            "google_secret_manager_secret.jwt_secret",
            "google_secret_manager_secret.smtp_from",
            "google_secret_manager_secret.smtp_host",
            "google_secret_manager_secret.smtp_password",
            "google_secret_manager_secret.smtp_port",
            "google_secret_manager_secret.smtp_username",
            "google_service_account.notification"
          ]
        },
        {
          "index_key": "smtp_port",
          "schema_version": 0,
          "attributes": {
            "condition": [],
            "etag": "BwZJsUk/e90=",
            "id": "projects/irio-alerting/secrets/smtp_port/roles/secretmanager.secretAccessor/serviceAccount:notification-sa@irio-alerting.iam.gserviceaccount.com",
            "member": "serviceAccount:notification-sa@irio-alerting.iam.gserviceaccount.com",
            "project": "irio-alerting",
            "role": "roles/secretmanager.secretAccessor",
            "secret_id": "projects/irio-alerting/secrets/smtp_port"
          },
          "sensitive_attributes": [],
          "identity_schema_version": 0,
          "private": "bnVsbA==",
          "dependencies": [
            "google_secret_manager_secret.jwt_secret",
            "google_secret_manager_secret.smtp_from",
            "google_secret_manager_secret.smtp_host",
            "google_secret_manager_secret.smtp_password",
            "google_secret_manager_secret.smtp_port",
            "google_secret_manager_secret.smtp_username",
            "google_service_account.notification"
          ]
        },
        {
          "index_key": "smtp_username",
          "schema_version": 0,
          "attributes": {
            "condition": [],
            "etag": "BwZJsUmEBws=",
            "id": "projects/irio-alerting/secrets/smtp_username/roles/secretmanager.secretAccessor/serviceAccount:notification-sa@irio-alerting.iam.gserviceaccount.com",
            "member": "serviceAccount:notification-sa@irio-alerting.iam.gserviceaccount.com",
            "project": "irio-alerting",
            "role": "roles/secretmanager.secretAccessor",
            "secret_id": "projects/irio-alerting/secrets/smtp_username"
          },
          "sensitive_attributes": [],
          "identity_schema_version": 0,
          "private": "bnVsbA==",
          "dependencies": [
            "google_secret_manager_secret.jwt_secret",
            "google_secret_manager_secret.smtp_from",
            "google_secret_manager_secret.smtp_host",
            "google_secret_manager_secret.smtp_password",
            "google_secret_manager_secret.smtp_port",
            "google_secret_manager_secret.smtp_username",
            "google_service_account.notification"
          ]
        }
      ]
    },
    {
      "mode": "managed",
      "type": "google_secret_manager_secret_version",
      "name": "api_url_v",
      "provider": "provider[\"registry.terraform.io/hashicorp/google\"]",
      "instances": [
        {
          "schema_version": 0,
          "attributes": {
            "create_time": "2026-01-31T11:33:58.449399Z",
            "deletion_policy": "DELETE",
            "destroy_time": "",
            "enabled": true,
            "id": "projects/804981314451/secrets/API_BASE_URL/versions/1",
            "is_secret_data_base64": false,
            "name": "projects/804981314451/secrets/API_BASE_URL/versions/1",
            "secret": "projects/irio-alerting/secrets/API_BASE_URL",
            "secret_data": "https://alerting-api-ze5l7dfd3q-lm.a.run.app",
            "timeouts": null,
            "version": "1"
          },
          "sensitive_attributes": [
            [
              {
                "type": "get_attr",
                "value": "secret_data"
              }
            ]
          ],
          "identity_schema_version": 0,
          "private": "eyJlMmJmYjczMC1lY2FhLTExZTYtOGY4OC0zNDM2M2JjN2M0YzAiOnsiY3JlYXRlIjoxMjAwMDAwMDAwMDAwLCJkZWxldGUiOjEyMDAwMDAwMDAwMDAsInVwZGF0ZSI6MTIwMDAwMDAwMDAwMH19",
          "dependencies": [
            "google_cloud_run_service.api",
            "google_secret_manager_secret.api_url",
            "google_secret_manager_secret.db_host",
            "google_secret_manager_secret.db_name",
            "google_secret_manager_secret.db_password",
            "google_secret_manager_secret.db_user"
          ]
        }
      ]
    },
    {
      "mode": "managed",
      "type": "google_secret_manager_secret_version",
      "name": "db_host_v",
      "provider": "provider[\"registry.terraform.io/hashicorp/google\"]",
      "instances": [
        {
          "schema_version": 0,
          "attributes": {
            "create_time": "2026-01-31T16:07:32.553572Z",
            "deletion_policy": "DELETE",
            "destroy_time": "",
            "enabled": true,
            "id": "projects/804981314451/secrets/db_host/versions/1",
            "is_secret_data_base64": false,
            "name": "projects/804981314451/secrets/db_host/versions/1",
            "secret": "projects/irio-alerting/secrets/db_host",
            "secret_data": "/cloudsql/irio-alerting:europe-central2:alerting-postgres",
            "timeouts": null,
            "version": "1"
          },
          "sensitive_attributes": [
            [
              {
                "type": "get_attr",
                "value": "secret_data"
              }
            ]
          ],
          "identity_schema_version": 0,
          "private": "eyJlMmJmYjczMC1lY2FhLTExZTYtOGY4OC0zNDM2M2JjN2M0YzAiOnsiY3JlYXRlIjoxMjAwMDAwMDAwMDAwLCJkZWxldGUiOjEyMDAwMDAwMDAwMDAsInVwZGF0ZSI6MTIwMDAwMDAwMDAwMH19",
          "dependencies": [
            "google_secret_manager_secret.db_host",
            "google_sql_database_instance.postgres"
          ]
        }
      ]
    },
    {
      "mode": "managed",
      "type": "google_secret_manager_secret_version",
      "name": "db_name_v",
      "provider": "provider[\"registry.terraform.io/hashicorp/google\"]",
      "instances": [
        {
          "schema_version": 0,
          "attributes": {
            "create_time": "2026-01-31T16:07:33.018018Z",
            "deletion_policy": "DELETE",
            "destroy_time": "",
            "enabled": true,
            "id": "projects/804981314451/secrets/db_name/versions/1",
            "is_secret_data_base64": false,
            "name": "projects/804981314451/secrets/db_name/versions/1",
            "secret": "projects/irio-alerting/secrets/db_name",
            "secret_data": "alerting",
            "timeouts": null,
            "version": "1"
          },
          "sensitive_attributes": [
            [
              {
                "type": "get_attr",
                "value": "secret_data"
              }
            ]
          ],
          "identity_schema_version": 0,
          "private": "eyJlMmJmYjczMC1lY2FhLTExZTYtOGY4OC0zNDM2M2JjN2M0YzAiOnsiY3JlYXRlIjoxMjAwMDAwMDAwMDAwLCJkZWxldGUiOjEyMDAwMDAwMDAwMDAsInVwZGF0ZSI6MTIwMDAwMDAwMDAwMH19",
          "dependencies": [
            "google_secret_manager_secret.db_name"
          ]
        }
      ]
    },
    {
      "mode": "managed",
      "type": "google_secret_manager_secret_version",
      "name": "db_password_v",
      "provider": "provider[\"registry.terraform.io/hashicorp/google\"]",
      "instances": [
        {
          "schema_version": 0,
          "attributes": {
            "create_time": "2026-01-31T16:07:27.441527Z",
            "deletion_policy": "DELETE",
            "destroy_time": "",
            "enabled": true,
            "id": "projects/804981314451/secrets/db_password/versions/1",
            "is_secret_data_base64": false,
            "name": "projects/804981314451/secrets/db_password/versions/1",
            "secret": "projects/irio-alerting/secrets/db_password",
            "secret_data": "m1ebPcy8WFfmOAjSn*?e",
            "timeouts": null,
            "version": "1"
          },
          "sensitive_attributes": [
            [
              {
                "type": "get_attr",
                "value": "secret_data"
              }
            ]
          ],
          "identity_schema_version": 0,
          "private": "eyJlMmJmYjczMC1lY2FhLTExZTYtOGY4OC0zNDM2M2JjN2M0YzAiOnsiY3JlYXRlIjoxMjAwMDAwMDAwMDAwLCJkZWxldGUiOjEyMDAwMDAwMDAwMDAsInVwZGF0ZSI6MTIwMDAwMDAwMDAwMH19",
          "dependencies": [
            "google_secret_manager_secret.db_password",
            "random_password.db_password"
          ]
        }
      ]
    },
    {
      "mode": "managed",
      "type": "google_secret_manager_secret_version",
      "name": "db_user_v",
      "provider": "provider[\"registry.terraform.io/hashicorp/google\"]",
      "instances": [
        {
          "schema_version": 0,
          "attributes": {
            "create_time": "2026-01-31T16:07:32.463480Z",
            "deletion_policy": "DELETE",
            "destroy_time": "",
            "enabled": true,
            "id": "projects/804981314451/secrets/db_user/versions/1",
            "is_secret_data_base64": false,
            "name": "projects/804981314451/secrets/db_user/versions/1",
            "secret": "projects/irio-alerting/secrets/db_user",
            "secret_data": "alerting_user",
            "timeouts": null,
            "version": "1"
          },
          "sensitive_attributes": [
            [
              {
                "type": "get_attr",
                "value": "secret_data"
              }
            ]
          ],
          "identity_schema_version": 0,
          "private": "eyJlMmJmYjczMC1lY2FhLTExZTYtOGY4OC0zNDM2M2JjN2M0YzAiOnsiY3JlYXRlIjoxMjAwMDAwMDAwMDAwLCJkZWxldGUiOjEyMDAwMDAwMDAwMDAsInVwZGF0ZSI6MTIwMDAwMDAwMDAwMH19",
          "dependencies": [
            "google_secret_manager_secret.db_user"
          ]
        }
      ]
    },
    {
      "mode": "managed",
      "type": "google_secret_manager_secret_version",
      "name": "jwt_secret_version",
      "provider": "provider[\"registry.terraform.io/hashicorp/google\"]",
      "instances": [
        {
          "schema_version": 0,
          "attributes": {
            "create_time": "2026-01-31T16:07:26.846290Z",
            "deletion_policy": "DELETE",
            "destroy_time": "",
            "enabled": true,
            "id": "projects/804981314451/secrets/jwt_secret/versions/1",
            "is_secret_data_base64": false,
            "name": "projects/804981314451/secrets/jwt_secret/versions/1",
            "secret": "projects/irio-alerting/secrets/jwt_secret",
            "secret_data": "jCnhSviI13d]voWE2\u003eSC\u003ci42E=DRnYHyb\u003e(X{8c?ZRG\u003c3i-Q!]gkdBxDOP)3N1\u00263",
            "timeouts": null,
            "version": "1"
          },
          "sensitive_attributes": [
            [
              {
                "type": "get_attr",
                "value": "secret_data"
              }
            ]
          ],
          "identity_schema_version": 0,
          "private": "eyJlMmJmYjczMC1lY2FhLTExZTYtOGY4OC0zNDM2M2JjN2M0YzAiOnsiY3JlYXRlIjoxMjAwMDAwMDAwMDAwLCJkZWxldGUiOjEyMDAwMDAwMDAwMDAsInVwZGF0ZSI6MTIwMDAwMDAwMDAwMH19",
          "dependencies": [
            "google_secret_manager_secret.jwt_secret",
            "random_password.jwt_secret"
          ]
        }
      ]
    },
    {
      "mode": "managed",
      "type": "google_secret_manager_secret_version",
      "name": "smtp_from_v",
      "provider": "provider[\"registry.terraform.io/hashicorp/google\"]",
      "instances": [
        {
          "schema_version": 0,
          "attributes": {
            "create_time": "2026-01-31T16:07:27.005664Z",
            "deletion_policy": "DELETE",
            "destroy_time": "",
            "enabled": true,
            "id": "projects/804981314451/secrets/smtp_from/versions/1",
            "is_secret_data_base64": false,
            "name": "projects/804981314451/secrets/smtp_from/versions/1",
            "secret": "projects/irio-alerting/secrets/smtp_from",
            "secret_data": "no-reply@twojadomena.pl",
            "timeouts": null,
            "version": "1"
          },
          "sensitive_attributes": [
            [
              {
                "type": "get_attr",
                "value": "secret_data"
              }
            ]
          ],
          "identity_schema_version": 0,
          "private": "eyJlMmJmYjczMC1lY2FhLTExZTYtOGY4OC0zNDM2M2JjN2M0YzAiOnsiY3JlYXRlIjoxMjAwMDAwMDAwMDAwLCJkZWxldGUiOjEyMDAwMDAwMDAwMDAsInVwZGF0ZSI6MTIwMDAwMDAwMDAwMH19",
          "dependencies": [
            "google_secret_manager_secret.smtp_from"
          ]
        }
      ]
    },
    {
      "mode": "managed",
      "type": "google_secret_manager_secret_version",
      "name": "smtp_host_v",
      "provider": "provider[\"registry.terraform.io/hashicorp/google\"]",
      "instances": [
        {
          "schema_version": 0,
          "attributes": {
            "create_time": "2026-01-31T16:07:29.309479Z",
            "deletion_policy": "DELETE",
            "destroy_time": "",
            "enabled": true,
            "id": "projects/804981314451/secrets/smtp_host/versions/1",
            "is_secret_data_base64": false,
            "name": "projects/804981314451/secrets/smtp_host/versions/1",
            "secret": "projects/irio-alerting/secrets/smtp_host",
            "secret_data": "smtp.mailersend.net",
            "timeouts": null,
            "version": "1"
          },
          "sensitive_attributes": [
            [
              {
                "type": "get_attr",
                "value": "secret_data"
              }
            ]
          ],
          "identity_schema_version": 0,
          "private": "eyJlMmJmYjczMC1lY2FhLTExZTYtOGY4OC0zNDM2M2JjN2M0YzAiOnsiY3JlYXRlIjoxMjAwMDAwMDAwMDAwLCJkZWxldGUiOjEyMDAwMDAwMDAwMDAsInVwZGF0ZSI6MTIwMDAwMDAwMDAwMH19",
          "dependencies": [
            "google_secret_manager_secret.smtp_host"
          ]
        }
      ]
    },
    {
      "mode": "managed",
      "type": "google_secret_manager_secret_version",
      "name": "smtp_password_v",
      "provider": "provider[\"registry.terraform.io/hashicorp/google\"]",
      "instances": [
        {
          "schema_version": 0,
          "attributes": {
            "create_time": "2026-01-31T16:07:29.827659Z",
            "deletion_policy": "DELETE",
            "destroy_time": "",
            "enabled": true,
            "id": "projects/804981314451/secrets/smtp_password/versions/1",
            "is_secret_data_base64": false,
            "name": "projects/804981314451/secrets/smtp_password/versions/1",
            "secret": "projects/irio-alerting/secrets/smtp_password",
            "secret_data": "your-email-password",
            "timeouts": null,
            "version": "1"
          },
          "sensitive_attributes": [
            [
              {
                "type": "get_attr",
                "value": "secret_data"
              }
            ]
          ],
          "identity_schema_version": 0,
          "private": "eyJlMmJmYjczMC1lY2FhLTExZTYtOGY4OC0zNDM2M2JjN2M0YzAiOnsiY3JlYXRlIjoxMjAwMDAwMDAwMDAwLCJkZWxldGUiOjEyMDAwMDAwMDAwMDAsInVwZGF0ZSI6MTIwMDAwMDAwMDAwMH19",
          "dependencies": [
            "google_secret_manager_secret.smtp_password"
          ]
        }
      ]
    },
    {
      "mode": "managed",
      "type": "google_secret_manager_secret_version",
      "name": "smtp_port_v",
      "provider": "provider[\"registry.terraform.io/hashicorp/google\"]",
      "instances": [
        {
          "schema_version": 0,
          "attributes": {
            "create_time": "2026-01-31T16:07:28.791120Z",
            "deletion_policy": "DELETE",
            "destroy_time": "",
            "enabled": true,
            "id": "projects/804981314451/secrets/smtp_port/versions/1",
            "is_secret_data_base64": false,
            "name": "projects/804981314451/secrets/smtp_port/versions/1",
            "secret": "projects/irio-alerting/secrets/smtp_port",
            "secret_data": "587",
            "timeouts": null,
            "version": "1"
          },
          "sensitive_attributes": [
            [
              {
                "type": "get_attr",
                "value": "secret_data"
              }
            ]
          ],
          "identity_schema_version": 0,
          "private": "eyJlMmJmYjczMC1lY2FhLTExZTYtOGY4OC0zNDM2M2JjN2M0YzAiOnsiY3JlYXRlIjoxMjAwMDAwMDAwMDAwLCJkZWxldGUiOjEyMDAwMDAwMDAwMDAsInVwZGF0ZSI6MTIwMDAwMDAwMDAwMH19",
          "dependencies": [
            "google_secret_manager_secret.smtp_port"
          ]
        }
      ]
    },
    {
      "mode": "managed",
      "type": "google_secret_manager_secret_version",
      "name": "smtp_username_v",
      "provider": "provider[\"registry.terraform.io/hashicorp/google\"]",
      "instances": [
        {
          "schema_version": 0,
          "attributes": {
            "create_time": "2026-01-31T16:07:27.877682Z",
            "deletion_policy": "DELETE",
            "destroy_time": "",
            "enabled": true,
            "id": "projects/804981314451/secrets/smtp_username/versions/1",
            "is_secret_data_base64": false,
            "name": "projects/804981314451/secrets/smtp_username/versions/1",
            "secret": "projects/irio-alerting/secrets/smtp_username",
            "secret_data": "no-reply@twojadomena.pl",
            "timeouts": null,
            "version": "1"
          },
          "sensitive_attributes": [
            [
              {
                "type": "get_attr",
                "value": "secret_data"
              }
            ]
          ],
          "identity_schema_version": 0,
          "private": "eyJlMmJmYjczMC1lY2FhLTExZTYtOGY4OC0zNDM2M2JjN2M0YzAiOnsiY3JlYXRlIjoxMjAwMDAwMDAwMDAwLCJkZWxldGUiOjEyMDAwMDAwMDAwMDAsInVwZGF0ZSI6MTIwMDAwMDAwMDAwMH19",
          "dependencies": [
            "google_secret_manager_secret.smtp_username"
          ]
        }
      ]
    },
    {
      "mode": "managed",
      "type": "google_service_account",
      "name": "api",
      "provider": "provider[\"registry.terraform.io/hashicorp/google\"]",
      "instances": [
        {
          "schema_version": 0,
          "attributes": {
            "account_id": "api-sa",
            "create_ignore_already_exists": null,
            "description": "",
            "disabled": false,
            "display_name": "Service Account for API",
            "email": "api-sa@irio-alerting.iam.gserviceaccount.com",
            "id": "projects/irio-alerting/serviceAccounts/api-sa@irio-alerting.iam.gserviceaccount.com",
            "member": "serviceAccount:api-sa@irio-alerting.iam.gserviceaccount.com",
            "name": "projects/irio-alerting/serviceAccounts/api-sa@irio-alerting.iam.gserviceaccount.com",
            "project": "irio-alerting",
            "timeouts": null,
            "unique_id": "113314837191064468579"
          },
          "sensitive_attributes": [],
          "identity_schema_version": 0,
          "private": "eyJlMmJmYjczMC1lY2FhLTExZTYtOGY4OC0zNDM2M2JjN2M0YzAiOnsiY3JlYXRlIjozMDAwMDAwMDAwMDB9fQ=="
        }
      ]
    },
    {
      "mode": "managed",
      "type": "google_service_account",
      "name": "manual",
      "provider": "provider[\"registry.terraform.io/hashicorp/google\"]",
      "instances": [
        {
          "schema_version": 0,
          "attributes": {
            "account_id": "manual-sa",
            "create_ignore_already_exists": null,
            "description": "",
            "disabled": false,
            "display_name": "Service Account for Manual Access",
            "email": "manual-sa@irio-alerting.iam.gserviceaccount.com",
            "id": "projects/irio-alerting/serviceAccounts/manual-sa@irio-alerting.iam.gserviceaccount.com",
            "member": "serviceAccount:manual-sa@irio-alerting.iam.gserviceaccount.com",
            "name": "projects/irio-alerting/serviceAccounts/manual-sa@irio-alerting.iam.gserviceaccount.com",
            "project": "irio-alerting",
            "timeouts": null,
            "unique_id": "104660119745117393873"
          },
          "sensitive_attributes": [],
          "identity_schema_version": 0,
          "private": "eyJlMmJmYjczMC1lY2FhLTExZTYtOGY4OC0zNDM2M2JjN2M0YzAiOnsiY3JlYXRlIjozMDAwMDAwMDAwMDB9fQ=="
        }
      ]
    },
    {
      "mode": "managed",
      "type": "google_service_account",
      "name": "notification",
      "provider": "provider[\"registry.terraform.io/hashicorp/google\"]",
      "instances": [
        {
          "schema_version": 0,
          "attributes": {
            "account_id": "notification-sa",
            "create_ignore_already_exists": null,
            "description": "",
            "disabled": false,
            "display_name": "Service Account for Notifications",
            "email": "notification-sa@irio-alerting.iam.gserviceaccount.com",
            "id": "projects/irio-alerting/serviceAccounts/notification-sa@irio-alerting.iam.gserviceaccount.com",
            "member": "serviceAccount:notification-sa@irio-alerting.iam.gserviceaccount.com",
            "name": "projects/irio-alerting/serviceAccounts/notification-sa@irio-alerting.iam.gserviceaccount.com",
            "project": "irio-alerting",
            "timeouts": null,
            "unique_id": "115285409761964409890"
          },
          "sensitive_attributes": [],
          "identity_schema_version": 0,
          "private": "eyJlMmJmYjczMC1lY2FhLTExZTYtOGY4OC0zNDM2M2JjN2M0YzAiOnsiY3JlYXRlIjozMDAwMDAwMDAwMDB9fQ=="
        }
      ]
    },
    {
      "mode": "managed",
      "type": "google_sql_database",
      "name": "db",
      "provider": "provider[\"registry.terraform.io/hashicorp/google\"]",
      "instances": [
        {
          "schema_version": 0,
          "attributes": {
            "charset": "UTF8",
            "collation": "en_US.UTF8",
            "deletion_policy": "DELETE",
            "id": "projects/irio-alerting/instances/alerting-postgres/databases/alerting",
            "instance": "alerting-postgres",
            "name": "alerting",
            "project": "irio-alerting",
            "self_link": "https://sqladmin.googleapis.com/sql/v1beta4/projects/irio-alerting/instances/alerting-postgres/databases/alerting",
            "timeouts": null
          },
          "sensitive_attributes": [],
          "identity_schema_version": 0,
          "private": "eyJlMmJmYjczMC1lY2FhLTExZTYtOGY4OC0zNDM2M2JjN2M0YzAiOnsiY3JlYXRlIjoxMjAwMDAwMDAwMDAwLCJkZWxldGUiOjEyMDAwMDAwMDAwMDAsInVwZGF0ZSI6MTIwMDAwMDAwMDAwMH19",
          "dependencies": [
            "google_sql_database_instance.postgres"
          ]
        }
      ]
    },
    {
      "mode": "managed",
      "type": "google_sql_database_instance",
      "name": "postgres",
      "provider": "provider[\"registry.terraform.io/hashicorp/google\"]",
      "instances": [
        {
          "schema_version": 0,
          "attributes": {
            "available_maintenance_versions": [],
            "clone": [],
            "connection_name": "irio-alerting:europe-central2:alerting-postgres",
            "database_version": "POSTGRES_15",
            "deletion_protection": false,
            "dns_name": "",
            "encryption_key_name": null,
            "first_ip_address": "34.118.104.85",
            "id": "alerting-postgres",
            "instance_type": "CLOUD_SQL_INSTANCE",
            "ip_address": [
              {
                "ip_address": "34.118.104.85",
                "time_to_retire": "",
                "type": "PRIMARY"
              },
              {
                "ip_address": "34.116.176.42",
                "time_to_retire": "",
                "type": "OUTGOING"
              }
            ],
            "maintenance_version": "POSTGRES_15_15.R20260108.01_01",
            "master_instance_name": "",
            "name": "alerting-postgres",
            "private_ip_address": "",
            "project": "irio-alerting",
            "psc_service_attachment_link": "",
            "public_ip_address": "34.118.104.85",
            "region": "europe-central2",
            "replica_configuration": [],
            "restore_backup_context": [],
            "root_password": null,
            "self_link": "https://sqladmin.googleapis.com/sql/v1beta4/projects/irio-alerting/instances/alerting-postgres",
            "server_ca_cert": [
              {
                "cert": "-----BEGIN CERTIFICATE-----\nMIIDfzCCAmegAwIBAgIBADANBgkqhkiG9w0BAQsFADB3MS0wKwYDVQQuEyRmZTcx\nNzEwNC04ODE3LTRhM2YtYjIzMS01OWZmMGFlYTY2NDIxIzAhBgNVBAMTGkdvb2ds\nZSBDbG91ZCBTUUwgU2VydmVyIENBMRQwEgYDVQQKEwtHb29nbGUsIEluYzELMAkG\nA1UEBhMCVVMwHhcNMjYwMTMxMTExNzM3WhcNMzYwMTI5MTExODM3WjB3MS0wKwYD\nVQQuEyRmZTcxNzEwNC04ODE3LTRhM2YtYjIzMS01OWZmMGFlYTY2NDIxIzAhBgNV\nBAMTGkdvb2dsZSBDbG91ZCBTUUwgU2VydmVyIENBMRQwEgYDVQQKEwtHb29nbGUs\nIEluYzELMAkGA1UEBhMCVVMwggEiMA0GCSqGSIb3DQEBAQUAA4IBDwAwggEKAoIB\nAQC6PDqSOVqA1lBVF1L8L+vLxbIVg9N9wNnxXUHXxlt+QvQOdngVFE7NgpG7hnsk\nJARm1ETjDG7i67xJwvsjqX7t6VY6xMznaLjL8+iQ0Z7dRLbL3eaH7s8WuyXX332p\nYwrRmk4NHXbp9eLTs8EhfdDG2wtr/j4BfqT0uEEdrxWb4rJMPPfgDWeO+83fCWtu\nBbqfc+z31LWX+FQ6VXW8lpnOeySqLw4LUz7Hgcm43WBngxtEaOeO/aG3fpysvC5a\ntphipAwLYhVL3kJRbJyRSjH2N2biDP4uPdEpxx6r6HgvRj13Ifm67VbsIUvKW3sz\nyH1jxv2qRL646EeHFm1Au1L5AgMBAAGjFjAUMBIGA1UdEwEB/wQIMAYBAf8CAQAw\nDQYJKoZIhvcNAQELBQADggEBABN6zb66EBCBOvIFTySHsZqkkmI+Wk5RZZSgss0+\n0oINBOsFbQDLhUVq+pQ9CVeHXsfeZSOhY6wcw623xh0DtFq6V2kFf2jrq8aVj7SM\nH7hpK+lQc4tmJZvTtP4L4U5Ly8MsHgHvvEYLqOdYbtfDyDwVKCoHwjzPc/dFTqCa\nEbK9zW/Vo6hFuX4OpcKsWHqMiKeMJVPr66sAd43q60fJd2OzRIIsgT97jIQfoa60\ntZyusQYzGjxJYxh6AsCWDh0wOL3mDjCs9+Hf2vQ9MtzyKcB47Sm4iJTHos+l1bAF\nwoUgt5ws+WttXD8R9DuE+ztuB6RRaoppk7aH8Rmb14uXROI=\n-----END CERTIFICATE-----",
                "common_name": "C=US,O=Google\\, Inc,CN=Google Cloud SQL Server CA,dnQualifier=fe717104-8817-4a3f-b231-59ff0aea6642",
                "create_time": "2026-01-31T11:17:37.095Z",
                "expiration_time": "2036-01-29T11:18:37.095Z",
                "sha1_fingerprint": "92d5c9556d1c7132df560f127034e2beb1f7433d"
              }
            ],
            "service_account_email_address": "p804981314451-a2aidd@gcp-sa-cloud-sql.iam.gserviceaccount.com",
            "settings": [
              {
                "activation_policy": "ALWAYS",
                "active_directory_config": [],
                "advanced_machine_features": [],
                "availability_type": "ZONAL",
                "backup_configuration": [
                  {
                    "backup_retention_settings": [
                      {
                        "retained_backups": 7,
                        "retention_unit": "COUNT"
                      }
                    ],
                    "binary_log_enabled": false,
                    "enabled": false,
                    "location": "",
                    "point_in_time_recovery_enabled": false,
                    "start_time": "12:00",
                    "transaction_log_retention_days": 7
                  }
                ],
                "collation": "",
                "connector_enforcement": "NOT_REQUIRED",
                "data_cache_config": [],
                "database_flags": [],
                "deletion_protection_enabled": false,
                "deny_maintenance_period": [],
                "disk_autoresize": true,
                "disk_autoresize_limit": 0,
                "disk_size": 10,
                "disk_type": "PD_SSD",
                "edition": "ENTERPRISE",
                "enable_dataplex_integration": false,
                "enable_google_ml_integration": false,
                "insights_config": [],
                "ip_configuration": [
                  {
                    "allocated_ip_range": "",
                    "authorized_networks": [],
                    "enable_private_path_for_google_cloud_services": false,
                    "ipv4_enabled": true,
                    "private_network": "",
                    "psc_config": [],
                    "require_ssl": false,
                    "server_ca_mode": "GOOGLE_MANAGED_INTERNAL_CA",
                    "ssl_mode": ""
                  }
                ],
                "location_preference": [
                  {
                    "follow_gae_application": "",
                    "secondary_zone": "",
                    "zone": "europe-central2-c"
                  }
                ],
                "maintenance_window": [],
                "password_validation_policy": [],
                "pricing_plan": "PER_USE",
                "sql_server_audit_config": [],
                "tier": "db-f1-micro",
                "time_zone": "",
                "user_labels": {},
                "version": 3
              }
            ],
            "timeouts": null
          },
          "sensitive_attributes": [
            [
              {
                "type": "get_attr",
                "value": "root_password"
              }
            ],
            [
              {
                "type": "get_attr",
                "value": "server_ca_cert"
              }
            ]
          ],
          "identity_schema_version": 0,
          "private": "eyJlMmJmYjczMC1lY2FhLTExZTYtOGY4OC0zNDM2M2JjN2M0YzAiOnsiY3JlYXRlIjo1NDAwMDAwMDAwMDAwLCJkZWxldGUiOjU0MDAwMDAwMDAwMDAsInVwZGF0ZSI6NTQwMDAwMDAwMDAwMH19"
        }
      ]
    },
    {
      "mode": "managed",
      "type": "google_sql_user",
      "name": "user",
      "provider": "provider[\"registry.terraform.io/hashicorp/google\"]",
      "instances": [
        {
          "schema_version": 1,
          "attributes": {
            "deletion_policy": null,
            "host": "",
            "id": "alerting_user//alerting-postgres",
            "instance": "alerting-postgres",
            "name": "alerting_user",
            "password": "m1ebPcy8WFfmOAjSn*?e",
            "password_policy": [],
            "project": "irio-alerting",
            "sql_server_user_details": [],
            "timeouts": null,
            "type": ""
          },
          "sensitive_attributes": [
            [
              {
                "type": "get_attr",
                "value": "password"
              }
            ]
          ],
          "identity_schema_version": 0,
          "private": "eyJlMmJmYjczMC1lY2FhLTExZTYtOGY4OC0zNDM2M2JjN2M0YzAiOnsiY3JlYXRlIjo2MDAwMDAwMDAwMDAsImRlbGV0ZSI6NjAwMDAwMDAwMDAwLCJ1cGRhdGUiOjYwMDAwMDAwMDAwMH0sInNjaGVtYV92ZXJzaW9uIjoiMSJ9",
          "dependencies": [
            "google_sql_database_instance.postgres",
            "random_password.db_password"
          ]
        }
      ]
    },
    {
      "mode": "managed",
      "type": "null_resource",
      "name": "init_db",
      "provider": "provider[\"registry.terraform.io/hashicorp/null\"]",
      "instances": [
        {
          "status": "tainted",
          "schema_version": 0,
          "attributes": {
            "id": "3202480158239123076",
            "triggers": null
          },
          "sensitive_attributes": [],
          "identity_schema_version": 0,
          "dependencies": [
            "google_secret_manager_secret.db_host",
            "google_secret_manager_secret.db_name",
            "google_secret_manager_secret.db_password",
            "google_secret_manager_secret.db_user",
            "google_secret_manager_secret_version.db_host_v",
            "google_secret_manager_secret_version.db_name_v",
            "google_secret_manager_secret_version.db_password_v",
            "google_secret_manager_secret_version.db_user_v",
            "google_sql_database_instance.postgres",
            "random_password.db_password"
          ]
        }
      ]
    },
    {
      "mode": "managed",
      "type": "random_password",
      "name": "db_password",
      "provider": "provider[\"registry.terraform.io/hashicorp/random\"]",
      "instances": [
        {
          "schema_version": 3,
          "attributes": {
            "bcrypt_hash": "$2a$10$kKPQWMyoRBTh0Otzlve8nO87bV9yyxw.aqB1QM1HU7XBI5s250aYK",
            "id": "none",
            "keepers": null,
            "length": 20,
            "lower": true,
            "min_lower": 0,
            "min_numeric": 0,
            "min_special": 0,
            "min_upper": 0,
            "number": true,
            "numeric": true,
            "override_special": null,
            "result": "m1ebPcy8WFfmOAjSn*?e",
            "special": true,
            "upper": true
          },
          "sensitive_attributes": [
            [
              {
                "type": "get_attr",
                "value": "bcrypt_hash"
              }
            ],
            [
              {
                "type": "get_attr",
                "value": "result"
              }
            ]
          ],
          "identity_schema_version": 0
        }
      ]
    },
    {
      "mode": "managed",
      "type": "random_password",
      "name": "jwt_secret",
      "provider": "provider[\"registry.terraform.io/hashicorp/random\"]",
      "instances": [
        {
          "schema_version": 3,
          "attributes": {
            "bcrypt_hash": "$2a$10$5FW4nxr1dNPEa.CmUnWuOeCC1yDlKZcKXQiCcjJ0HygXFfPaFUls2",
            "id": "none",
            "keepers": null,
            "length": 64,
            "lower": true,
            "min_lower": 0,
            "min_numeric": 0,
            "min_special": 0,
            "min_upper": 0,
            "number": true,
            "numeric": true,
            "override_special": null,
            "result": "jCnhSviI13d]voWE2\u003eSC\u003ci42E=DRnYHyb\u003e(X{8c?ZRG\u003c3i-Q!]gkdBxDOP)3N1\u00263",
            "special": true,
            "upper": true
          },
          "sensitive_attributes": [
            [
              {
                "type": "get_attr",
                "value": "bcrypt_hash"
              }
            ],
            [
              {
                "type": "get_attr",
                "value": "result"
              }
            ]
          ],
          "identity_schema_version": 0
        }
      ]
    }
  ],
  "check_results": null
}
